
Microsoft Visual Studio Solution File, Format Version 12.00
# Visual Studio Version 17
VisualStudioVersion = 17.9.34723.18
MinimumVisualStudioVersion = 10.0.40219.1
Project("{9A19103F-16F7-4668-BE54-9A1E7A4F7556}") = "CalculateLatencyEmployee", "CalculateLatencyEmployee\CalculateLatencyEmployee.csproj", "{36A3B385-0805-4981-A95D-D2ADCBEE74EA}"
EndProject
Project("{FAE04EC0-301F-11D3-BF4B-00C04F79EFBC}") = "CalculateLatencyEmployeeTest", "CalculateLatencyEmployeeTest\CalculateLatencyEmployeeTest.csproj", "{02E31F6F-A600-451C-B839-F8142056EC00}"
EndProject
Global
	GlobalSection(SolutionConfigurationPlatforms) = preSolution
		Debug|Any CPU = Debug|Any CPU
		Release|Any CPU = Release|Any CPU
	EndGlobalSection
	GlobalSection(ProjectConfigurationPlatforms) = postSolution
		{36A3B385-0805-4981-A95D-D2ADCBEE74EA}.Debug|Any CPU.ActiveCfg = Debug|Any CPU
		{36A3B385-0805-4981-A95D-D2ADCBEE74EA}.Debug|Any CPU.Build.0 = Debug|Any CPU
		{36A3B385-0805-4981-A95D-D2ADCBEE74EA}.Release|Any CPU.ActiveCfg = Release|Any CPU
		{36A3B385-0805-4981-A95D-D2ADCBEE74EA}.Release|Any CPU.Build.0 = Release|Any CPU
		{02E31F6F-A600-451C-B839-F8142056EC00}.Debug|Any CPU.ActiveCfg = Debug|Any CPU
		{02E31F6F-A600-451C-B839-F8142056EC00}.Debug|Any CPU.Build.0 = Debug|Any CPU
		{02E31F6F-A600-451C-B839-F8142056EC00}.Release|Any CPU.ActiveCfg = Release|Any CPU
		{02E31F6F-A600-451C-B839-F8142056EC00}.Release|Any CPU.Build.0 = Release|Any CPU
	EndGlobalSection
	GlobalSection(SolutionProperties) = preSolution
		HideSolutionNode = FALSE
	EndGlobalSection
	GlobalSection(ExtensibilityGlobals) = postSolution
		SolutionGuid = {57D3E92E-3CD0-47B5-B4B6-2B270F1B961C}
	EndGlobalSection
EndGlobal
